
Microsoft Visual Studio Solution File, Format Version 12.00
# Visual Studio 15
VisualStudioVersion = 15.0.27703.2047
MinimumVisualStudioVersion = 10.0.40219.1
Project("{9A19103F-16F7-4668-BE54-9A1E7A4F7556}") = "MySuperBank", "MySuperBank\MySuperBank.csproj", "{302D609C-8263-4040-B370-45862D0929E0}"
EndProject
Project("{FAE04EC0-301F-11D3-BF4B-00C04F79EFBC}") = "BankingTests", "BankingTests\BankingTests.csproj", "{DDCBCDB2-F5CE-4E81-ABF4-A787B0896BE5}"
EndProject
Global
	GlobalSection(SolutionConfigurationPlatforms) = preSolution
		Debug|Any CPU = Debug|Any CPU
		Release|Any CPU = Release|Any CPU
	EndGlobalSection
	GlobalSection(ProjectConfigurationPlatforms) = postSolution
		{302D609C-8263-4040-B370-45862D0929E0}.Debug|Any CPU.ActiveCfg = Debug|Any CPU
		{302D609C-8263-4040-B370-45862D0929E0}.Debug|Any CPU.Build.0 = Debug|Any CPU
		{302D609C-8263-4040-B370-45862D0929E0}.Release|Any CPU.ActiveCfg = Release|Any CPU
		{302D609C-8263-4040-B370-45862D0929E0}.Release|Any CPU.Build.0 = Release|Any CPU
		{DDCBCDB2-F5CE-4E81-ABF4-A787B0896BE5}.Debug|Any CPU.ActiveCfg = Debug|Any CPU
		{DDCBCDB2-F5CE-4E81-ABF4-A787B0896BE5}.Debug|Any CPU.Build.0 = Debug|Any CPU
		{DDCBCDB2-F5CE-4E81-ABF4-A787B0896BE5}.Release|Any CPU.ActiveCfg = Release|Any CPU
		{DDCBCDB2-F5CE-4E81-ABF4-A787B0896BE5}.Release|Any CPU.Build.0 = Release|Any CPU
	EndGlobalSection
	GlobalSection(SolutionProperties) = preSolution
		HideSolutionNode = FALSE
	EndGlobalSection
	GlobalSection(ExtensibilityGlobals) = postSolution
		SolutionGuid = {E03939F8-0B9D-4A68-8EFB-CE82092FCD58}
	EndGlobalSection
EndGlobal
